
Microsoft Visual Studio Solution File, Format Version 12.00
# Visual Studio Version 17
VisualStudioVersion = 17.1.32421.90
MinimumVisualStudioVersion = 10.0.40219.1
Project("{FAE04EC0-301F-11D3-BF4B-00C04F79EFBC}") = "test.Server", "test\Server\test.Server.csproj", "{3BFD0E67-4236-4063-BA68-4F7245587B0C}"
EndProject
Project("{FAE04EC0-301F-11D3-BF4B-00C04F79EFBC}") = "test.Client", "test\Client\test.Client.csproj", "{D6A930E0-9CE3-41CC-BED7-69CEA2BD94A5}"
EndProject
Project("{FAE04EC0-301F-11D3-BF4B-00C04F79EFBC}") = "test.Shared", "test\Shared\test.Shared.csproj", "{8CE7C710-CB8F-4369-80B8-3BE62C0CA72C}"
EndProject
Global
	GlobalSection(SolutionConfigurationPlatforms) = preSolution
		Debug|Any CPU = Debug|Any CPU
		Release|Any CPU = Release|Any CPU
	EndGlobalSection
	GlobalSection(ProjectConfigurationPlatforms) = postSolution
		{3BFD0E67-4236-4063-BA68-4F7245587B0C}.Debug|Any CPU.ActiveCfg = Debug|Any CPU
		{3BFD0E67-4236-4063-BA68-4F7245587B0C}.Debug|Any CPU.Build.0 = Debug|Any CPU
		{3BFD0E67-4236-4063-BA68-4F7245587B0C}.Release|Any CPU.ActiveCfg = Release|Any CPU
		{3BFD0E67-4236-4063-BA68-4F7245587B0C}.Release|Any CPU.Build.0 = Release|Any CPU
		{D6A930E0-9CE3-41CC-BED7-69CEA2BD94A5}.Debug|Any CPU.ActiveCfg = Debug|Any CPU
		{D6A930E0-9CE3-41CC-BED7-69CEA2BD94A5}.Debug|Any CPU.Build.0 = Debug|Any CPU
		{D6A930E0-9CE3-41CC-BED7-69CEA2BD94A5}.Release|Any CPU.ActiveCfg = Release|Any CPU
		{D6A930E0-9CE3-41CC-BED7-69CEA2BD94A5}.Release|Any CPU.Build.0 = Release|Any CPU
		{8CE7C710-CB8F-4369-80B8-3BE62C0CA72C}.Debug|Any CPU.ActiveCfg = Debug|Any CPU
		{8CE7C710-CB8F-4369-80B8-3BE62C0CA72C}.Debug|Any CPU.Build.0 = Debug|Any CPU
		{8CE7C710-CB8F-4369-80B8-3BE62C0CA72C}.Release|Any CPU.ActiveCfg = Release|Any CPU
		{8CE7C710-CB8F-4369-80B8-3BE62C0CA72C}.Release|Any CPU.Build.0 = Release|Any CPU
	EndGlobalSection
	GlobalSection(SolutionProperties) = preSolution
		HideSolutionNode = FALSE
	EndGlobalSection
	GlobalSection(ExtensibilityGlobals) = postSolution
		SolutionGuid = {BE979D5D-EA8E-4B10-8A6B-F51D9712D85A}
	EndGlobalSection
EndGlobal
